// !$*UTF8*$!
{
	archiveVersion = 1;
	classes = {
	};
	objectVersion = 50;
	objects = {

/* Begin PBXBuildFile section */
		1C7DC98A20B2849600CA26E2 /* AppDelegate.swift in Sources */ = {isa = PBXBuildFile; fileRef = 1C7DC98920B2849600CA26E2 /* AppDelegate.swift */; };
		1C7DC98C20B2849600CA26E2 /* ViewController.swift in Sources */ = {isa = PBXBuildFile; fileRef = 1C7DC98B20B2849600CA26E2 /* ViewController.swift */; };
		1C7DC98F20B2849600CA26E2 /* Main.storyboard in Resources */ = {isa = PBXBuildFile; fileRef = 1C7DC98D20B2849600CA26E2 /* Main.storyboard */; };
		1C7DC99120B2849700CA26E2 /* Assets.xcassets in Resources */ = {isa = PBXBuildFile; fileRef = 1C7DC99020B2849700CA26E2 /* Assets.xcassets */; };
		1C7DC99420B2849700CA26E2 /* LaunchScreen.storyboard in Resources */ = {isa = PBXBuildFile; fileRef = 1C7DC99220B2849700CA26E2 /* LaunchScreen.storyboard */; };
		1C7DC99F20B2849700CA26E2 /* testContainerViewTests.swift in Sources */ = {isa = PBXBuildFile; fileRef = 1C7DC99E20B2849700CA26E2 /* testContainerViewTests.swift */; };
		1C7DC9AA20B2849800CA26E2 /* testContainerViewUITests.swift in Sources */ = {isa = PBXBuildFile; fileRef = 1C7DC9A920B2849800CA26E2 /* testContainerViewUITests.swift */; };
/* End PBXBuildFile section */

/* Begin PBXContainerItemProxy section */
		1C7DC99B20B2849700CA26E2 /* PBXContainerItemProxy */ = {
			isa = PBXContainerItemProxy;
			containerPortal = 1C7DC97E20B2849600CA26E2 /* Project object */;
			proxyType = 1;
			remoteGlobalIDString = 1C7DC98520B2849600CA26E2;
			remoteInfo = testContainerView;
		};
		1C7DC9A620B2849800CA26E2 /* PBXContainerItemProxy */ = {
			isa = PBXContainerItemProxy;
			containerPortal = 1C7DC97E20B2849600CA26E2 /* Project object */;
			proxyType = 1;
			remoteGlobalIDString = 1C7DC98520B2849600CA26E2;
			remoteInfo = testContainerView;
		};
/* End PBXContainerItemProxy section */

/* Begin PBXFileReference section */
		1C7DC98620B2849600CA26E2 /* testContainerView.app */ = {isa = PBXFileReference; explicitFileType = wrapper.application; includeInIndex = 0; path = testContainerView.app; sourceTree = BUILT_PRODUCTS_DIR; };
		1C7DC98920B2849600CA26E2 /* AppDelegate.swift */ = {isa = PBXFileReference; lastKnownFileType = sourcecode.swift; path = AppDelegate.swift; sourceTree = "<group>"; };
		1C7DC98B20B2849600CA26E2 /* ViewController.swift */ = {isa = PBXFileReference; lastKnownFileType = sourcecode.swift; path = ViewController.swift; sourceTree = "<group>"; };
		1C7DC98E20B2849600CA26E2 /* Base */ = {isa = PBXFileReference; lastKnownFileType = file.storyboard; name = Base; path = Base.lproj/Main.storyboard; sourceTree = "<group>"; };
		1C7DC99020B2849700CA26E2 /* Assets.xcassets */ = {isa = PBXFileReference; lastKnownFileType = folder.assetcatalog; path = Assets.xcassets; sourceTree = "<group>"; };
		1C7DC99320B2849700CA26E2 /* Base */ = {isa = PBXFileReference; lastKnownFileType = file.storyboard; name = Base; path = Base.lproj/LaunchScreen.storyboard; sourceTree = "<group>"; };
		1C7DC99520B2849700CA26E2 /* Info.plist */ = {isa = PBXFileReference; lastKnownFileType = text.plist.xml; path = Info.plist; sourceTree = "<group>"; };
		1C7DC99A20B2849700CA26E2 /* testContainerViewTests.xctest */ = {isa = PBXFileReference; explicitFileType = wrapper.cfbundle; includeInIndex = 0; path = testContainerViewTests.xctest; sourceTree = BUILT_PRODUCTS_DIR; };
		1C7DC99E20B2849700CA26E2 /* testContainerViewTests.swift */ = {isa = PBXFileReference; lastKnownFileType = sourcecode.swift; path = testContainerViewTests.swift; sourceTree = "<group>"; };
		1C7DC9A020B2849800CA26E2 /* Info.plist */ = {isa = PBXFileReference; lastKnownFileType = text.plist.xml; path = Info.plist; sourceTree = "<group>"; };
		1C7DC9A520B2849800CA26E2 /* testContainerViewUITests.xctest */ = {isa = PBXFileReference; explicitFileType = wrapper.cfbundle; includeInIndex = 0; path = testContainerViewUITests.xctest; sourceTree = BUILT_PRODUCTS_DIR; };
		1C7DC9A920B2849800CA26E2 /* testContainerViewUITests.swift */ = {isa = PBXFileReference; lastKnownFileType = sourcecode.swift; path = testContainerViewUITests.swift; sourceTree = "<group>"; };
		1C7DC9AB20B2849800CA26E2 /* Info.plist */ = {isa = PBXFileReference; lastKnownFileType = text.plist.xml; path = Info.plist; sourceTree = "<group>"; };
/* End PBXFileReference section */

/* Begin PBXFrameworksBuildPhase section */
		1C7DC98320B2849600CA26E2 /* Frameworks */ = {
			isa = PBXFrameworksBuildPhase;
			buildActionMask = 2147483647;
			files = (
			);
			runOnlyForDeploymentPostprocessing = 0;
		};
		1C7DC99720B2849700CA26E2 /* Frameworks */ = {
			isa = PBXFrameworksBuildPhase;
			buildActionMask = 2147483647;
			files = (
			);
			runOnlyForDeploymentPostprocessing = 0;
		};
		1C7DC9A220B2849800CA26E2 /* Frameworks */ = {
			isa = PBXFrameworksBuildPhase;
			buildActionMask = 2147483647;
			files = (
			);
			runOnlyForDeploymentPostprocessing = 0;
		};
/* End PBXFrameworksBuildPhase section */

/* Begin PBXGroup section */
		1C7DC97D20B2849600CA26E2 = {
			isa = PBXGroup;
			children = (
				1C7DC98820B2849600CA26E2 /* testContainerView */,
				1C7DC99D20B2849700CA26E2 /* testContainerViewTests */,
				1C7DC9A820B2849800CA26E2 /* testContainerViewUITests */,
				1C7DC98720B2849600CA26E2 /* Products */,
			);
			sourceTree = "<group>";
		};
		1C7DC98720B2849600CA26E2 /* Products */ = {
			isa = PBXGroup;
			children = (
				1C7DC98620B2849600CA26E2 /* testContainerView.app */,
				1C7DC99A20B2849700CA26E2 /* testContainerViewTests.xctest */,
				1C7DC9A520B2849800CA26E2 /* testContainerViewUITests.xctest */,
			);
			name = Products;
			sourceTree = "<group>";
		};
		1C7DC98820B2849600CA26E2 /* testContainerView */ = {
			isa = PBXGroup;
			children = (
				1C7DC98920B2849600CA26E2 /* AppDelegate.swift */,
				1C7DC98B20B2849600CA26E2 /* ViewController.swift */,
				1C7DC98D20B2849600CA26E2 /* Main.storyboard */,
				1C7DC99020B2849700CA26E2 /* Assets.xcassets */,
				1C7DC99220B2849700CA26E2 /* LaunchScreen.storyboard */,
				1C7DC99520B2849700CA26E2 /* Info.plist */,
			);
			path = testContainerView;
			sourceTree = "<group>";
		};
		1C7DC99D20B2849700CA26E2 /* testContainerViewTests */ = {
			isa = PBXGroup;
			children = (
				1C7DC99E20B2849700CA26E2 /* testContainerViewTests.swift */,
				1C7DC9A020B2849800CA26E2 /* Info.plist */,
			);
			path = testContainerViewTests;
			sourceTree = "<group>";
		};
		1C7DC9A820B2849800CA26E2 /* testContainerViewUITests */ = {
			isa = PBXGroup;
			children = (
				1C7DC9A920B2849800CA26E2 /* testContainerViewUITests.swift */,
				1C7DC9AB20B2849800CA26E2 /* Info.plist */,
			);
			path = testContainerViewUITests;
			sourceTree = "<group>";
		};
/* End PBXGroup section */

/* Begin PBXNativeTarget section */
		1C7DC98520B2849600CA26E2 /* testContainerView */ = {
			isa = PBXNativeTarget;
			buildConfigurationList = 1C7DC9AE20B2849800CA26E2 /* Build configuration list for PBXNativeTarget "testContainerView" */;
			buildPhases = (
				1C7DC98220B2849600CA26E2 /* Sources */,
				1C7DC98320B2849600CA26E2 /* Frameworks */,
				1C7DC98420B2849600CA26E2 /* Resources */,
			);
			buildRules = (
			);
			dependencies = (
			);
			name = testContainerView;
			productName = testContainerView;
			productReference = 1C7DC98620B2849600CA26E2 /* testContainerView.app */;
			productType = "com.apple.product-type.application";
		};
		1C7DC99920B2849700CA26E2 /* testContainerViewTests */ = {
			isa = PBXNativeTarget;
			buildConfigurationList = 1C7DC9B120B2849800CA26E2 /* Build configuration list for PBXNativeTarget "testContainerViewTests" */;
			buildPhases = (
				1C7DC99620B2849700CA26E2 /* Sources */,
				1C7DC99720B2849700CA26E2 /* Frameworks */,
				1C7DC99820B2849700CA26E2 /* Resources */,
			);
			buildRules = (
			);
			dependencies = (
				1C7DC99C20B2849700CA26E2 /* PBXTargetDependency */,
			);
			name = testContainerViewTests;
			productName = testContainerViewTests;
			productReference = 1C7DC99A20B2849700CA26E2 /* testContainerViewTests.xctest */;
			productType = "com.apple.product-type.bundle.unit-test";
		};
		1C7DC9A420B2849800CA26E2 /* testContainerViewUITests */ = {
			isa = PBXNativeTarget;
			buildConfigurationList = 1C7DC9B420B2849800CA26E2 /* Build configuration list for PBXNativeTarget "testContainerViewUITests" */;
			buildPhases = (
				1C7DC9A120B2849800CA26E2 /* Sources */,
				1C7DC9A220B2849800CA26E2 /* Frameworks */,
				1C7DC9A320B2849800CA26E2 /* Resources */,
			);
			buildRules = (
			);
			dependencies = (
				1C7DC9A720B2849800CA26E2 /* PBXTargetDependency */,
			);
			name = testContainerViewUITests;
			productName = testContainerViewUITests;
			productReference = 1C7DC9A520B2849800CA26E2 /* testContainerViewUITests.xctest */;
			productType = "com.apple.product-type.bundle.ui-testing";
		};
/* End PBXNativeTarget section */

/* Begin PBXProject section */
		1C7DC97E20B2849600CA26E2 /* Project object */ = {
			isa = PBXProject;
			attributes = {
				LastSwiftUpdateCheck = 0930;
				LastUpgradeCheck = 0930;
				ORGANIZATIONNAME = osu;
				TargetAttributes = {
					1C7DC98520B2849600CA26E2 = {
						CreatedOnToolsVersion = 9.3;
					};
					1C7DC99920B2849700CA26E2 = {
						CreatedOnToolsVersion = 9.3;
						TestTargetID = 1C7DC98520B2849600CA26E2;
					};
					1C7DC9A420B2849800CA26E2 = {
						CreatedOnToolsVersion = 9.3;
						TestTargetID = 1C7DC98520B2849600CA26E2;
					};
				};
			};
			buildConfigurationList = 1C7DC98120B2849600CA26E2 /* Build configuration list for PBXProject "testContainerView" */;
			compatibilityVersion = "Xcode 9.3";
			developmentRegion = en;
			hasScannedForEncodings = 0;
			knownRegions = (
				en,
				Base,
			);
			mainGroup = 1C7DC97D20B2849600CA26E2;
			productRefGroup = 1C7DC98720B2849600CA26E2 /* Products */;
			projectDirPath = "";
			projectRoot = "";
			targets = (
				1C7DC98520B2849600CA26E2 /* testContainerView */,
				1C7DC99920B2849700CA26E2 /* testContainerViewTests */,
				1C7DC9A420B2849800CA26E2 /* testContainerViewUITests */,
			);
		};
/* End PBXProject section */

/* Begin PBXResourcesBuildPhase section */
		1C7DC98420B2849600CA26E2 /* Resources */ = {
			isa = PBXResourcesBuildPhase;
			buildActionMask = 2147483647;
			files = (
				1C7DC99420B2849700CA26E2 /* LaunchScreen.storyboard in Resources */,
				1C7DC99120B2849700CA26E2 /* Assets.xcassets in Resources */,
				1C7DC98F20B2849600CA26E2 /* Main.storyboard in Resources */,
			);
			runOnlyForDeploymentPostprocessing = 0;
		};
		1C7DC99820B2849700CA26E2 /* Resources */ = {
			isa = PBXResourcesBuildPhase;
			buildActionMask = 2147483647;
			files = (
			);
			runOnlyForDeploymentPostprocessing = 0;
		};
		1C7DC9A320B2849800CA26E2 /* Resources */ = {
			isa = PBXResourcesBuildPhase;
			buildActionMask = 2147483647;
			files = (
			);
			runOnlyForDeploymentPostprocessing = 0;
		};
/* End PBXResourcesBuildPhase section */

/* Begin PBXSourcesBuildPhase section */
		1C7DC98220B2849600CA26E2 /* Sources */ = {
			isa = PBXSourcesBuildPhase;
			buildActionMask = 2147483647;
			files = (
				1C7DC98C20B2849600CA26E2 /* ViewController.swift in Sources */,
				1C7DC98A20B2849600CA26E2 /* AppDelegate.swift in Sources */,
			);
			runOnlyForDeploymentPostprocessing = 0;
		};
		1C7DC99620B2849700CA26E2 /* Sources */ = {
			isa = PBXSourcesBuildPhase;
			buildActionMask = 2147483647;
			files = (
				1C7DC99F20B2849700CA26E2 /* testContainerViewTests.swift in Sources */,
			);
			runOnlyForDeploymentPostprocessing = 0;
		};
		1C7DC9A120B2849800CA26E2 /* Sources */ = {
			isa = PBXSourcesBuildPhase;
			buildActionMask = 2147483647;
			files = (
				1C7DC9AA20B2849800CA26E2 /* testContainerViewUITests.swift in Sources */,
			);
			runOnlyForDeploymentPostprocessing = 0;
		};
/* End PBXSourcesBuildPhase section */

/* Begin PBXTargetDependency section */
		1C7DC99C20B2849700CA26E2 /* PBXTargetDependency */ = {
			isa = PBXTargetDependency;
			target = 1C7DC98520B2849600CA26E2 /* testContainerView */;
			targetProxy = 1C7DC99B20B2849700CA26E2 /* PBXContainerItemProxy */;
		};
		1C7DC9A720B2849800CA26E2 /* PBXTargetDependency */ = {
			isa = PBXTargetDependency;
			target = 1C7DC98520B2849600CA26E2 /* testContainerView */;
			targetProxy = 1C7DC9A620B2849800CA26E2 /* PBXContainerItemProxy */;
		};
/* End PBXTargetDependency section */

/* Begin PBXVariantGroup section */
		1C7DC98D20B2849600CA26E2 /* Main.storyboard */ = {
			isa = PBXVariantGroup;
			children = (
				1C7DC98E20B2849600CA26E2 /* Base */,
			);
			name = Main.storyboard;
			sourceTree = "<group>";
		};
		1C7DC99220B2849700CA26E2 /* LaunchScreen.storyboard */ = {
			isa = PBXVariantGroup;
			children = (
				1C7DC99320B2849700CA26E2 /* Base */,
			);
			name = LaunchScreen.storyboard;
			sourceTree = "<group>";
		};
/* End PBXVariantGroup section */

/* Begin XCBuildConfiguration section */
		1C7DC9AC20B2849800CA26E2 /* Debug */ = {
			isa = XCBuildConfiguration;
			buildSettings = {
				ALWAYS_SEARCH_USER_PATHS = NO;
				CLANG_ANALYZER_NONNULL = YES;
				CLANG_ANALYZER_NUMBER_OBJECT_CONVERSION = YES_AGGRESSIVE;
				CLANG_CXX_LANGUAGE_STANDARD = "gnu++14";
				CLANG_CXX_LIBRARY = "libc++";
				CLANG_ENABLE_MODULES = YES;
				CLANG_ENABLE_OBJC_ARC = YES;
				CLANG_ENABLE_OBJC_WEAK = YES;
				CLANG_WARN_BLOCK_CAPTURE_AUTORELEASING = YES;
				CLANG_WARN_BOOL_CONVERSION = YES;
				CLANG_WARN_COMMA = YES;
				CLANG_WARN_CONSTANT_CONVERSION = YES;
				CLANG_WARN_DEPRECATED_OBJC_IMPLEMENTATIONS = YES;
				CLANG_WARN_DIRECT_OBJC_ISA_USAGE = YES_ERROR;
				CLANG_WARN_DOCUMENTATION_COMMENTS = YES;
				CLANG_WARN_EMPTY_BODY = YES;
				CLANG_WARN_ENUM_CONVERSION = YES;
				CLANG_WARN_INFINITE_RECURSION = YES;
				CLANG_WARN_INT_CONVERSION = YES;
				CLANG_WARN_NON_LITERAL_NULL_CONVERSION = YES;
				CLANG_WARN_OBJC_IMPLICIT_RETAIN_SELF = YES;
				CLANG_WARN_OBJC_LITERAL_CONVERSION = YES;
				CLANG_WARN_OBJC_ROOT_CLASS = YES_ERROR;
				CLANG_WARN_RANGE_LOOP_ANALYSIS = YES;
				CLANG_WARN_STRICT_PROTOTYPES = YES;
				CLANG_WARN_SUSPICIOUS_MOVE = YES;
				CLANG_WARN_UNGUARDED_AVAILABILITY = YES_AGGRESSIVE;
				CLANG_WARN_UNREACHABLE_CODE = YES;
				CLANG_WARN__DUPLICATE_METHOD_MATCH = YES;
				CODE_SIGN_IDENTITY = "iPhone Developer";
				COPY_PHASE_STRIP = NO;
				DEBUG_INFORMATION_FORMAT = dwarf;
				ENABLE_STRICT_OBJC_MSGSEND = YES;
				ENABLE_TESTABILITY = YES;
				GCC_C_LANGUAGE_STANDARD = gnu11;
				GCC_DYNAMIC_NO_PIC = NO;
				GCC_NO_COMMON_BLOCKS = YES;
				GCC_OPTIMIZATION_LEVEL = 0;
				GCC_PREPROCESSOR_DEFINITIONS = (
					"DEBUG=1",
					"$(inherited)",
				);
				GCC_WARN_64_TO_32_BIT_CONVERSION = YES;
				GCC_WARN_ABOUT_RETURN_TYPE = YES_ERROR;
				GCC_WARN_UNDECLARED_SELECTOR = YES;
				GCC_WARN_UNINITIALIZED_AUTOS = YES_AGGRESSIVE;
				GCC_WARN_UNUSED_FUNCTION = YES;
				GCC_WARN_UNUSED_VARIABLE = YES;
				IPHONEOS_DEPLOYMENT_TARGET = 11.3;
				MTL_ENABLE_DEBUG_INFO = YES;
				ONLY_ACTIVE_ARCH = YES;
				SDKROOT = iphoneos;
				SWIFT_ACTIVE_COMPILATION_CONDITIONS = DEBUG;
				SWIFT_OPTIMIZATION_LEVEL = "-Onone";
			};
			name = Debug;
		};
		1C7DC9AD20B2849800CA26E2 /* Release */ = {
			isa = XCBuildConfiguration;
			buildSettings = {
				ALWAYS_SEARCH_USER_PATHS = NO;
				CLANG_ANALYZER_NONNULL = YES;
				CLANG_ANALYZER_NUMBER_OBJECT_CONVERSION = YES_AGGRESSIVE;
				CLANG_CXX_LANGUAGE_STANDARD = "gnu++14";
				CLANG_CXX_LIBRARY = "libc++";
				CLANG_ENABLE_MODULES = YES;
				CLANG_ENABLE_OBJC_ARC = YES;
				CLANG_ENABLE_OBJC_WEAK = YES;
				CLANG_WARN_BLOCK_CAPTURE_AUTORELEASING = YES;
				CLANG_WARN_BOOL_CONVERSION = YES;
				CLANG_WARN_COMMA = YES;
				CLANG_WARN_CONSTANT_CONVERSION = YES;
				CLANG_WARN_DEPRECATED_OBJC_IMPLEMENTATIONS = YES;
				CLANG_WARN_DIRECT_OBJC_ISA_USAGE = YES_ERROR;
				CLANG_WARN_DOCUMENTATION_COMMENTS = YES;
				CLANG_WARN_EMPTY_BODY = YES;
				CLANG_WARN_ENUM_CONVERSION = YES;
				CLANG_WARN_INFINITE_RECURSION = YES;
				CLANG_WARN_INT_CONVERSION = YES;
				CLANG_WARN_NON_LITERAL_NULL_CONVERSION = YES;
				CLANG_WARN_OBJC_IMPLICIT_RETAIN_SELF = YES;
				CLANG_WARN_OBJC_LITERAL_CONVERSION = YES;
				CLANG_WARN_OBJC_ROOT_CLASS = YES_ERROR;
				CLANG_WARN_RANGE_LOOP_ANALYSIS = YES;
				CLANG_WARN_STRICT_PROTOTYPES = YES;
				CLANG_WARN_SUSPICIOUS_MOVE = YES;
				CLANG_WARN_UNGUARDED_AVAILABILITY = YES_AGGRESSIVE;
				CLANG_WARN_UNREACHABLE_CODE = YES;
				CLANG_WARN__DUPLICATE_METHOD_MATCH = YES;
				CODE_SIGN_IDENTITY = "iPhone Developer";
				COPY_PHASE_STRIP = NO;
				DEBUG_INFORMATION_FORMAT = "dwarf-with-dsym";
				ENABLE_NS_ASSERTIONS = NO;
				ENABLE_STRICT_OBJC_MSGSEND = YES;
				GCC_C_LANGUAGE_STANDARD = gnu11;
				GCC_NO_COMMON_BLOCKS = YES;
				GCC_WARN_64_TO_32_BIT_CONVERSION = YES;
				GCC_WARN_ABOUT_RETURN_TYPE = YES_ERROR;
				GCC_WARN_UNDECLARED_SELECTOR = YES;
				GCC_WARN_UNINITIALIZED_AUTOS = YES_AGGRESSIVE;
				GCC_WARN_UNUSED_FUNCTION = YES;
				GCC_WARN_UNUSED_VARIABLE = YES;
				IPHONEOS_DEPLOYMENT_TARGET = 11.3;
				MTL_ENABLE_DEBUG_INFO = NO;
				SDKROOT = iphoneos;
				SWIFT_COMPILATION_MODE = wholemodule;
				SWIFT_OPTIMIZATION_LEVEL = "-O";
				VALIDATE_PRODUCT = YES;
			};
			name = Release;
		};
		1C7DC9AF20B2849800CA26E2 /* Debug */ = {
			isa = XCBuildConfiguration;
			buildSettings = {
				ASSETCATALOG_COMPILER_APPICON_NAME = AppIcon;
				CODE_SIGN_STYLE = Automatic;
				DEVELOPMENT_TEAM = Q4N56BM5RN;
				INFOPLIST_FILE = testContainerView/Info.plist;
				LD_RUNPATH_SEARCH_PATHS = (
					"$(inherited)",
					"@executable_path/Frameworks",
				);
				PRODUCT_BUNDLE_IDENTIFIER = com.mycity.testContainerView;
				PRODUCT_NAME = "$(TARGET_NAME)";
				SWIFT_VERSION = 4.0;
				TARGETED_DEVICE_FAMILY = "1,2";
			};
			name = Debug;
		};
		1C7DC9B020B2849800CA26E2 /* Release */ = {
			isa = XCBuildConfiguration;
			buildSettings = {
				ASSETCATALOG_COMPILER_APPICON_NAME = AppIcon;
				CODE_SIGN_STYLE = Automatic;
				DEVELOPMENT_TEAM = Q4N56BM5RN;
				INFOPLIST_FILE = testContainerView/Info.plist;
				LD_RUNPATH_SEARCH_PATHS = (
					"$(inherited)",
					"@executable_path/Frameworks",
				);
				PRODUCT_BUNDLE_IDENTIFIER = com.mycity.testContainerView;
				PRODUCT_NAME = "$(TARGET_NAME)";
				SWIFT_VERSION = 4.0;
				TARGETED_DEVICE_FAMILY = "1,2";
			};
			name = Release;
		};
		1C7DC9B220B2849800CA26E2 /* Debug */ = {
			isa = XCBuildConfiguration;
			buildSettings = {
				ALWAYS_EMBED_SWIFT_STANDARD_LIBRARIES = YES;
				BUNDLE_LOADER = "$(TEST_HOST)";
				CODE_SIGN_STYLE = Automatic;
				DEVELOPMENT_TEAM = Q4N56BM5RN;
				INFOPLIST_FILE = testContainerViewTests/Info.plist;
				LD_RUNPATH_SEARCH_PATHS = (
					"$(inherited)",
					"@executable_path/Frameworks",
					"@loader_path/Frameworks",
				);
				PRODUCT_BUNDLE_IDENTIFIER = com.mycity.testContainerViewTests;
				PRODUCT_NAME = "$(TARGET_NAME)";
				SWIFT_VERSION = 4.0;
				TARGETED_DEVICE_FAMILY = "1,2";
				TEST_HOST = "$(BUILT_PRODUCTS_DIR)/testContainerView.app/testContainerView";
			};
			name = Debug;
		};
		1C7DC9B320B2849800CA26E2 /* Release */ = {
			isa = XCBuildConfiguration;
			buildSettings = {
				ALWAYS_EMBED_SWIFT_STANDARD_LIBRARIES = YES;
				BUNDLE_LOADER = "$(TEST_HOST)";
				CODE_SIGN_STYLE = Automatic;
				DEVELOPMENT_TEAM = Q4N56BM5RN;
				INFOPLIST_FILE = testContainerViewTests/Info.plist;
				LD_RUNPATH_SEARCH_PATHS = (
					"$(inherited)",
					"@executable_path/Frameworks",
					"@loader_path/Frameworks",
				);
				PRODUCT_BUNDLE_IDENTIFIER = com.mycity.testContainerViewTests;
				PRODUCT_NAME = "$(TARGET_NAME)";
				SWIFT_VERSION = 4.0;
				TARGETED_DEVICE_FAMILY = "1,2";
				TEST_HOST = "$(BUILT_PRODUCTS_DIR)/testContainerView.app/testContainerView";
			};
			name = Release;
		};
		1C7DC9B520B2849800CA26E2 /* Debug */ = {
			isa = XCBuildConfiguration;
			buildSettings = {
				ALWAYS_EMBED_SWIFT_STANDARD_LIBRARIES = YES;
				CODE_SIGN_STYLE = Automatic;
				DEVELOPMENT_TEAM = Q4N56BM5RN;
				INFOPLIST_FILE = testContainerViewUITests/Info.plist;
				LD_RUNPATH_SEARCH_PATHS = (
					"$(inherited)",
					"@executable_path/Frameworks",
					"@loader_path/Frameworks",
				);
				PRODUCT_BUNDLE_IDENTIFIER = com.mycity.testContainerViewUITests;
				PRODUCT_NAME = "$(TARGET_NAME)";
				SWIFT_VERSION = 4.0;
				TARGETED_DEVICE_FAMILY = "1,2";
				TEST_TARGET_NAME = testContainerView;
			};
			name = Debug;
		};
		1C7DC9B620B2849800CA26E2 /* Release */ = {
			isa = XCBuildConfiguration;
			buildSettings = {
				ALWAYS_EMBED_SWIFT_STANDARD_LIBRARIES = YES;
				CODE_SIGN_STYLE = Automatic;
				DEVELOPMENT_TEAM = Q4N56BM5RN;
				INFOPLIST_FILE = testContainerViewUITests/Info.plist;
				LD_RUNPATH_SEARCH_PATHS = (
					"$(inherited)",
					"@executable_path/Frameworks",
					"@loader_path/Frameworks",
				);
				PRODUCT_BUNDLE_IDENTIFIER = com.mycity.testContainerViewUITests;
				PRODUCT_NAME = "$(TARGET_NAME)";
				SWIFT_VERSION = 4.0;
				TARGETED_DEVICE_FAMILY = "1,2";
				TEST_TARGET_NAME = testContainerView;
			};
			name = Release;
		};
/* End XCBuildConfiguration section */

/* Begin XCConfigurationList section */
		1C7DC98120B2849600CA26E2 /* Build configuration list for PBXProject "testContainerView" */ = {
			isa = XCConfigurationList;
			buildConfigurations = (
				1C7DC9AC20B2849800CA26E2 /* Debug */,
				1C7DC9AD20B2849800CA26E2 /* Release */,
			);
			defaultConfigurationIsVisible = 0;
			defaultConfigurationName = Release;
		};
		1C7DC9AE20B2849800CA26E2 /* Build configuration list for PBXNativeTarget "testContainerView" */ = {
			isa = XCConfigurationList;
			buildConfigurations = (
				1C7DC9AF20B2849800CA26E2 /* Debug */,
				1C7DC9B020B2849800CA26E2 /* Release */,
			);
			defaultConfigurationIsVisible = 0;
			defaultConfigurationName = Release;
		};
		1C7DC9B120B2849800CA26E2 /* Build configuration list for PBXNativeTarget "testContainerViewTests" */ = {
			isa = XCConfigurationList;
			buildConfigurations = (
				1C7DC9B220B2849800CA26E2 /* Debug */,
				1C7DC9B320B2849800CA26E2 /* Release */,
			);
			defaultConfigurationIsVisible = 0;
			defaultConfigurationName = Release;
		};
		1C7DC9B420B2849800CA26E2 /* Build configuration list for PBXNativeTarget "testContainerViewUITests" */ = {
			isa = XCConfigurationList;
			buildConfigurations = (
				1C7DC9B520B2849800CA26E2 /* Debug */,
				1C7DC9B620B2849800CA26E2 /* Release */,
			);
			defaultConfigurationIsVisible = 0;
			defaultConfigurationName = Release;
		};
/* End XCConfigurationList section */
	};
	rootObject = 1C7DC97E20B2849600CA26E2 /* Project object */;
}
